
Microsoft Visual Studio Solution File, Format Version 12.00
# Visual Studio Version 17
VisualStudioVersion = 17.9.34728.123
MinimumVisualStudioVersion = 10.0.40219.1
Project("{FAE04EC0-301F-11D3-BF4B-00C04F79EFBC}") = "Nghia.API", "Nghia.API\Nghia.API.csproj", "{5003F3CB-2B16-43C6-B210-ADFF5F46481C}"
EndProject
Global
	GlobalSection(SolutionConfigurationPlatforms) = preSolution
		Debug|Any CPU = Debug|Any CPU
		Release|Any CPU = Release|Any CPU
	EndGlobalSection
	GlobalSection(ProjectConfigurationPlatforms) = postSolution
		{5003F3CB-2B16-43C6-B210-ADFF5F46481C}.Debug|Any CPU.ActiveCfg = Debug|Any CPU
		{5003F3CB-2B16-43C6-B210-ADFF5F46481C}.Debug|Any CPU.Build.0 = Debug|Any CPU
		{5003F3CB-2B16-43C6-B210-ADFF5F46481C}.Release|Any CPU.ActiveCfg = Release|Any CPU
		{5003F3CB-2B16-43C6-B210-ADFF5F46481C}.Release|Any CPU.Build.0 = Release|Any CPU
	EndGlobalSection
	GlobalSection(SolutionProperties) = preSolution
		HideSolutionNode = FALSE
	EndGlobalSection
	GlobalSection(ExtensibilityGlobals) = postSolution
		SolutionGuid = {BBFD5893-AEA4-4B4E-854B-938F90F3CBF0}
	EndGlobalSection
EndGlobal
